
Microsoft Visual Studio Solution File, Format Version 12.00
# Visual Studio Version 17
VisualStudioVersion = 17.0.32014.148
MinimumVisualStudioVersion = 10.0.40219.1
Project("{FAE04EC0-301F-11D3-BF4B-00C04F79EFBC}") = "PersistCompositeModel", "PersistCompositeModel\PersistCompositeModel.csproj", "{5E0FC178-F06A-48A8-8ED5-BD7D4A431D89}"
EndProject
Global
	GlobalSection(SolutionConfigurationPlatforms) = preSolution
		Debug|Any CPU = Debug|Any CPU
		Release|Any CPU = Release|Any CPU
	EndGlobalSection
	GlobalSection(ProjectConfigurationPlatforms) = postSolution
		{5E0FC178-F06A-48A8-8ED5-BD7D4A431D89}.Debug|Any CPU.ActiveCfg = Debug|Any CPU
		{5E0FC178-F06A-48A8-8ED5-BD7D4A431D89}.Debug|Any CPU.Build.0 = Debug|Any CPU
		{5E0FC178-F06A-48A8-8ED5-BD7D4A431D89}.Release|Any CPU.ActiveCfg = Release|Any CPU
		{5E0FC178-F06A-48A8-8ED5-BD7D4A431D89}.Release|Any CPU.Build.0 = Release|Any CPU
	EndGlobalSection
	GlobalSection(SolutionProperties) = preSolution
		HideSolutionNode = FALSE
	EndGlobalSection
	GlobalSection(ExtensibilityGlobals) = postSolution
		SolutionGuid = {53E300DB-9CB8-4E07-BA1D-0F63054E923B}
	EndGlobalSection
EndGlobal
